
Microsoft Visual Studio Solution File, Format Version 12.00
Project("{FAE04EC0-301F-11D3-BF4B-00C04F79EFBC}") = "PowerShortcuts.Host", "PowerShortcuts.Host\PowerShortcuts.Host.csproj", "{757BDE38-1090-44D2-875E-3686605E0155}"
EndProject
Project("{FAE04EC0-301F-11D3-BF4B-00C04F79EFBC}") = "PowerShortcuts.VirtualDesktop", "PowerShortcuts.VirtualDesktop\PowerShortcuts.VirtualDesktop.csproj", "{47658F9B-9818-4C33-98D3-449F57E8B951}"
EndProject
Project("{FAE04EC0-301F-11D3-BF4B-00C04F79EFBC}") = "PowerShortcuts.Utils", "PowerShortcuts.Utils\PowerShortcuts.Utils.csproj", "{762B8FEE-9B6B-4C02-9CF5-A61F9591AD04}"
EndProject
Global
	GlobalSection(SolutionConfigurationPlatforms) = preSolution
		Debug|Any CPU = Debug|Any CPU
		Release|Any CPU = Release|Any CPU
	EndGlobalSection
	GlobalSection(ProjectConfigurationPlatforms) = postSolution
		{757BDE38-1090-44D2-875E-3686605E0155}.Debug|Any CPU.ActiveCfg = Debug|Any CPU
		{757BDE38-1090-44D2-875E-3686605E0155}.Debug|Any CPU.Build.0 = Debug|Any CPU
		{757BDE38-1090-44D2-875E-3686605E0155}.Release|Any CPU.ActiveCfg = Release|Any CPU
		{757BDE38-1090-44D2-875E-3686605E0155}.Release|Any CPU.Build.0 = Release|Any CPU
		{47658F9B-9818-4C33-98D3-449F57E8B951}.Debug|Any CPU.ActiveCfg = Debug|Any CPU
		{47658F9B-9818-4C33-98D3-449F57E8B951}.Debug|Any CPU.Build.0 = Debug|Any CPU
		{47658F9B-9818-4C33-98D3-449F57E8B951}.Release|Any CPU.ActiveCfg = Release|Any CPU
		{47658F9B-9818-4C33-98D3-449F57E8B951}.Release|Any CPU.Build.0 = Release|Any CPU
		{762B8FEE-9B6B-4C02-9CF5-A61F9591AD04}.Debug|Any CPU.ActiveCfg = Debug|Any CPU
		{762B8FEE-9B6B-4C02-9CF5-A61F9591AD04}.Debug|Any CPU.Build.0 = Debug|Any CPU
		{762B8FEE-9B6B-4C02-9CF5-A61F9591AD04}.Release|Any CPU.ActiveCfg = Release|Any CPU
		{762B8FEE-9B6B-4C02-9CF5-A61F9591AD04}.Release|Any CPU.Build.0 = Release|Any CPU
	EndGlobalSection
EndGlobal
